
Microsoft Visual Studio Solution File, Format Version 12.00
# Visual Studio Version 16
VisualStudioVersion = 16.0.31702.278
MinimumVisualStudioVersion = 10.0.40219.1
Project("{FAE04EC0-301F-11D3-BF4B-00C04F79EFBC}") = "SalesWebMvc", "SalesWebMvc\SalesWebMvc.csproj", "{095C24C2-4C1F-4C00-9BD4-AA92CB3B2509}"
EndProject
Global
	GlobalSection(SolutionConfigurationPlatforms) = preSolution
		Debug|Any CPU = Debug|Any CPU
		Release|Any CPU = Release|Any CPU
	EndGlobalSection
	GlobalSection(ProjectConfigurationPlatforms) = postSolution
		{095C24C2-4C1F-4C00-9BD4-AA92CB3B2509}.Debug|Any CPU.ActiveCfg = Debug|Any CPU
		{095C24C2-4C1F-4C00-9BD4-AA92CB3B2509}.Debug|Any CPU.Build.0 = Debug|Any CPU
		{095C24C2-4C1F-4C00-9BD4-AA92CB3B2509}.Release|Any CPU.ActiveCfg = Release|Any CPU
		{095C24C2-4C1F-4C00-9BD4-AA92CB3B2509}.Release|Any CPU.Build.0 = Release|Any CPU
	EndGlobalSection
	GlobalSection(SolutionProperties) = preSolution
		HideSolutionNode = FALSE
	EndGlobalSection
	GlobalSection(ExtensibilityGlobals) = postSolution
		SolutionGuid = {34A145BA-56F8-4D02-81D5-F1B46C932AA4}
	EndGlobalSection
EndGlobal
